version = 1
revision = 3
requires-python = ">=3.13"

[[package]]
name = "compilekv"
version = "0.1.0"
source = { git = "https://github.com/kivy-school/compilekv?rev=init_upload#3e7fa113986e0f7c47c42ca13453972244b08f12" }
dependencies = [
    { name = "wasmtime" },
]

[[package]]
name = "cython"
version = "3.3.0"
source = { registry = "https://pypi.org/simple" }
sdist = { url = "https://files.pythonhosted.org/packages/a9/d8/4981ef716ad0e3ff0d3ef383aefc6b03c4a88dee33b272bf8e0d833001ca/cython-3.3.0.tar.gz", hash = "sha256:eed0d93fbca7087f143b42c34b05a825849bdf17f101572c2105acfa49aa88b8", size = 3727515, upload-time = "2026-08-22T05:16:39.493Z" }
wheels = [
    { url = "https://files.pythonhosted.org/packages/2f/cc/abc977cf683140e372714acea42164ecfc5cd3d3984ed025860e6d830ee4/cython-3.3.0-cp313-cp313-macosx_11_0_arm64.whl", hash = "sha256:03056533fe4fdbc4f1d34a39178f9a4937ff35196f8bcdde2a67b5b5809c61fe", size = 3134892, upload-time = "2026-08-22T05:17:16.675Z" },
    { url = "https://files.pythonhosted.org/packages/a3/60/5367e7c80776a185ac11e0ea738fdaf18b9d0bc21d2c2bafc4d87eb19964/cython-3.3.0-cp313-cp313-manylinux2014_aarch64.manylinux_2_17_aarch64.manylinux_2_28_aarch64.whl", hash = "sha256:bc2f2a6b65a991666cfd35a35bab0cd88ffba4df2f601edb6e76cc8116de24b9", size = 3251835, upload-time = "2026-08-22T05:17:18.458Z" },
    { url = "https://files.pythonhosted.org/packages/bc/b8/fc595c60a7b6f5f08b4f6ad65e60688e8c61f76064ebe847eaf85d0c59fa/cython-3.3.0-cp313-cp313-manylinux2014_x86_64.manylinux_2_17_x86_64.manylinux_2_28_x86_64.whl", hash = "sha256:23942b0662642927a55676e4b26e6840fb166dd7d76436384685227e7e8619a4", size = 3407705, upload-time = "2026-08-22T05:17:20.387Z" },
    { url = "https://files.pythonhosted.org/packages/d8/d7/376572ff69ef39a9bdcd727124f6c38aa066300e97734a4902a3ae0d2af0/cython-3.3.0-cp313-cp313-win_amd64.whl", hash = "sha256:ab24d1a4fb6aaf0b5b6fcd75a6d70255fbd3130fa78884c26991f8d5502616b5", size = 2866216, upload-time = "2026-08-22T05:17:22.348Z" },
    { url = "https://files.pythonhosted.org/packages/8a/7f/e409f76bb955ecdcb746b80350b945fbb808846d797346d647a37e1790ca/cython-3.3.0-cp314-cp314-macosx_11_0_arm64.whl", hash = "sha256:0deedc2e9a5a664e1adfa4c2d310aa7b54903e1a647c274b6c9213f77a02d637", size = 3186700, upload-time = "2026-08-22T05:17:24.288Z" },
    { url = "https://files.pythonhosted.org/packages/0e/6b/4a623ab6e4a5b9814b22849665cb212273f9735399a7ebca4f3e8c254f1a/cython-3.3.0-cp314-cp314-manylinux2014_aarch64.manylinux_2_17_aarch64.manylinux_2_28_aarch64.whl", hash = "sha256:46072c0d404616b5e652a63882c79cc3f8a1d62635a8692f56ed0e416a4dfed8", size = 3330606, upload-time = "2026-08-22T05:17:26.041Z" },
    { url = "https://files.pythonhosted.org/packages/9f/57/6d620ebee4fc24d89340427702f6ceaf7b956511d1f2222a88c92c1a72b7/cython-3.3.0-cp314-cp314-manylinux2014_x86_64.manylinux_2_17_x86_64.manylinux_2_28_x86_64.whl", hash = "sha256:82f94565b6001bab8e31bf52a0911672910b5735910612a2c0f772c719670006", size = 3454681, upload-time = "2026-08-22T05:17:28.449Z" },
    { url = "https://files.pythonhosted.org/packages/73/4e/26e0a584d06c5b3f345df491d2546479606c89217627ee163f1aa55e899f/cython-3.3.0-cp314-cp314-win_amd64.whl", hash = "sha256:51999fb834365721b6c7f689cf6e2ec7c8667aae783df9eb5e589c290a414d9c", size = 2925966, upload-time = "2026-08-22T05:17:30.549Z" },
    { url = "https://files.pythonhosted.org/packages/ea/45/7f6988070013e16918e39b1b3dab9c5f2c8e404253a7fd10ee685bbd6902/cython-3.3.0-cp315-cp315-macosx_11_0_arm64.whl", hash = "sha256:596e8df019372a2cd417805015022d42cb8ee4e1803ccdc11ed00e451625fb66", size = 3177681, upload-time = "2026-08-22T05:17:32.523Z" },
    { url = "https://files.pythonhosted.org/packages/6e/5d/afb6866ab10236bb208dff0f172ea4b397c9693c5250280c4d9d26057218/cython-3.3.0-cp315-cp315-manylinux2014_aarch64.manylinux_2_17_aarch64.manylinux_2_28_aarch64.whl", hash = "sha256:4a36c34d1950845b8ac148653b07cdc62421a4b0d9abfcc849e69f1c4ff9919d", size = 3328312, upload-time = "2026-08-22T05:17:34.511Z" },
    { url = "https://files.pythonhosted.org/packages/c9/aa/4c0b6773ecf6bc1ec6cda7db8312a566611b330fb6dae87d740e44a47822/cython-3.3.0-cp315-cp315-manylinux2014_x86_64.manylinux_2_17_x86_64.manylinux_2_28_x86_64.whl", hash = "sha256:b447f6906e0555f05dc4742ef1f99091b1e5d9aa9f16616e772fbf9ff6271616", size = 3454285, upload-time = "2026-08-22T05:17:36.538Z" },
    { url = "https://files.pythonhosted.org/packages/44/bb/3e2631122f96300723d6fc42b9cf65550bdcda570a6ad5c4e0226e2e787c/cython-3.3.0-cp315-cp315-win_amd64.whl", hash = "sha256:b55c72e8eccdd508c8de3cf3bbc543aafbb3bf6a518e1ee20358d3241cd780ef", size = 2924709, upload-time = "2026-08-22T05:17:38.65Z" },
    { url = "https://files.pythonhosted.org/packages/14/59/bc1a84b434cb5bebb0cd6f50da8f239d35a5c141b20fdeafc2817fd87778/cython-3.3.0-cp39-abi3-macosx_10_9_x86_64.whl", hash = "sha256:e0d2713d2b292c826bc21dc8732bd9e47628103aa3764180c881e04b3fef95dc", size = 3063660, upload-time = "2026-08-22T05:17:40.923Z" },
    { url = "https://files.pythonhosted.org/packages/ba/6d/542e32908fb421d88354f327ed6450e14240f9825d25393065bc65f4723f/cython-3.3.0-cp39-abi3-manylinux1_i686.manylinux_2_28_i686.manylinux_2_5_i686.whl", hash = "sha256:169e56fd411f4cd5bba51c82f8239421d547a846099db2b261e4aed48ba9f51f", size = 3358395, upload-time = "2026-08-22T05:17:43.036Z" },
    { url = "https://files.pythonhosted.org/packages/9c/7c/ddaf197bc65b581e1891657940bc4f7cb1f740e822115e828920b3a119ce/cython-3.3.0-cp39-abi3-manylinux2014_armv7l.manylinux_2_17_armv7l.manylinux_2_31_armv7l.whl", hash = "sha256:29f38ebafdf23e3da2516f40c4d065da38bfe002181bf93e2b8cf1262449aba6", size = 3041760, upload-time = "2026-08-22T05:17:44.907Z" },
    { url = "https://files.pythonhosted.org/packages/19/a7/ae5ec3e34d43da846ed4c425734752d83aae0dae49feb929f09c90fc9afa/cython-3.3.0-cp39-abi3-musllinux_1_2_aarch64.whl", hash = "sha256:75c4ae8a6d3a5ccf3cdaba8ab32e6a8d0cd38e3a476aa7ac12df8f8171a8d570", size = 3156152, upload-time = "2026-08-22T05:17:46.884Z" },
    { url = "https://files.pythonhosted.org/packages/31/44/c60b601fc43f0b08e9d6f14b94e0dd02eb0ca8d60f46e242ace7191ac1be/cython-3.3.0-cp39-abi3-musllinux_1_2_armv7l.whl", hash = "sha256:b94fb5613b9fe34c27d13ec9972dc0dcd2a2155db2902e93921cadc162610a38", size = 3046690, upload-time = "2026-08-22T05:17:48.731Z" },
    { url = "https://files.pythonhosted.org/packages/b0/9e/d735c26ed907563d3365534006acb263651c2d3b87fee804f7a483dd1714/cython-3.3.0-cp39-abi3-musllinux_1_2_i686.whl", hash = "sha256:c4558ba85849ab65dc57e10fd0efb13fabd9d3c09981a2566e18dec7cf47586a", size = 3373534, upload-time = "2026-08-22T05:17:50.7Z" },
    { url = "https://files.pythonhosted.org/packages/e0/e8/aa7b4f3a28d6e8117c76e2cf78a0df7a503486cdf7243c5b53200c9533a1/cython-3.3.0-cp39-abi3-musllinux_1_2_x86_64.whl", hash = "sha256:311a016369adfd1e0015c4f9819168fc0e518451d7efb4435c30d65a3a26d52b", size = 3265110, upload-time = "2026-08-22T05:17:52.577Z" },
    { url = "https://files.pythonhosted.org/packages/9c/66/37892a8999d6bbd3f92d691a9701cb720c8ddd6171e16f5148eee6e8cb7f/cython-3.3.0-cp39-abi3-win32.whl", hash = "sha256:90869072e50b7c8904fe1dd7810321ae901fd5637a6eec6646ed9c57f9eb1081", size = 2587733, upload-time = "2026-08-22T05:17:54.547Z" },
    { url = "https://files.pythonhosted.org/packages/19/a2/5f4d305cbd4489d21570e5491ad5c483c478cdab032853e2125c280e3bd5/cython-3.3.0-cp39-abi3-win_arm64.whl", hash = "sha256:dce56c26d388f00a19426371b6926bf2f77c5c03b71d5273e4556c68be98c2dd", size = 2608078, upload-time = "2026-08-22T05:17:56.386Z" },
    { url = "https://files.pythonhosted.org/packages/bf/77/67b0b24e45073a699610e50f00c18474ff9b09ea29ecc95083bdf5e60acd/cython-3.3.0-py3-none-any.whl", hash = "sha256:9b24b5c8cd536946b62086fcafee6d5509d3f549f72d553d2336af87ffbe0da1", size = 1349151, upload-time = "2026-08-22T05:16:36.741Z" },
]

[[package]]
name = "hatchling"
version = "1.32.0"
source = { registry = "https://pypi.org/simple" }
dependencies = [
    { name = "packaging" },
    { name = "pathspec" },
    { name = "pluggy" },
    { name = "tomlkit" },
    { name = "trove-classifiers" },
]
sdist = { url = "https://files.pythonhosted.org/packages/69/08/33331757185504aae48b8d9bd78cec03a76e3aecfb52e549d05a2347c0dd/hatchling-1.32.0.tar.gz", hash = "sha256:0bdbde4a52b06c37e3eca395f85a762bf0ef06fe374fd8ae429dc6be10230f5f", size = 57783, upload-time = "2026-08-11T05:03:44.114Z" }
wheels = [
    { url = "https://files.pythonhosted.org/packages/a9/84/1798b6d85ecde0e31546004efd25c5de1b1f49250644a60cce460e12593a/hatchling-1.32.0-py3-none-any.whl", hash = "sha256:0e17c9c3b9aa7c625acc8d0f5b622f107d5049af9ecf5ada4de1aada5be7cdbc", size = 78435, upload-time = "2026-08-11T05:03:42.644Z" },
]

[[package]]
name = "ksp-builder"
version = "0.1.0"
source = { editable = "." }
dependencies = [
    { name = "compilekv" },
    { name = "cython" },
    { name = "pyjnius-builder" },
    { name = "setuptools" },
]

[package.metadata]
requires-dist = [
    { name = "compilekv", git = "https://github.com/kivy-school/compilekv?rev=init_upload" },
    { name = "cython", specifier = ">=3.3.0" },
    { name = "pyjnius-builder", git = "https://github.com/kivy-school/pyjnius-builder" },
    { name = "setuptools", specifier = ">=84.0.0" },
]

[[package]]
name = "packaging"
version = "26.3"
source = { registry = "https://pypi.org/simple" }
sdist = { url = "https://files.pythonhosted.org/packages/7d/fa/3944b40b07da9ce895c0e6303a5ab7d53da063554f534556b134a54d6093/packaging-26.3.tar.gz", hash = "sha256:94edc256424af38762eb31306eed28beb9f0efc50a8837492c9d6fd6004aed79", size = 313412, upload-time = "2026-08-04T18:15:28.737Z" }
wheels = [
    { url = "https://files.pythonhosted.org/packages/63/34/ba1c580383c9eada3711951fef0795c80b829a078d72188184bcab9dd527/packaging-26.3-py3-none-any.whl", hash = "sha256:d7193f7c8e4e93f444fde0262bf90af30e16fa0ad0ad44cb553c87339b23cd1c", size = 129956, upload-time = "2026-08-04T18:15:27.159Z" },
]

[[package]]
name = "pathspec"
version = "1.1.1"
source = { registry = "https://pypi.org/simple" }
sdist = { url = "https://files.pythonhosted.org/packages/5a/82/42f767fc1c1143d6fd36efb827202a2d997a375e160a71eb2888a925aac1/pathspec-1.1.1.tar.gz", hash = "sha256:17db5ecd524104a120e173814c90367a96a98d07c45b2e10c2f3919fff91bf5a", size = 135180, upload-time = "2026-04-27T01:46:08.907Z" }
wheels = [
    { url = "https://files.pythonhosted.org/packages/f1/d9/7fb5aa316bc299258e68c73ba3bddbc499654a07f151cba08f6153988714/pathspec-1.1.1-py3-none-any.whl", hash = "sha256:a00ce642f577bf7f473932318056212bc4f8bfdf53128c78bbd5af0b9b20b189", size = 57328, upload-time = "2026-04-27T01:46:07.06Z" },
]

[[package]]
name = "pluggy"
version = "1.6.0"
source = { registry = "https://pypi.org/simple" }
sdist = { url = "https://files.pythonhosted.org/packages/f9/e2/3e91f31a7d2b083fe6ef3fa267035b518369d9511ffab804f839851d2779/pluggy-1.6.0.tar.gz", hash = "sha256:7dcc130b76258d33b90f61b658791dede3486c3e6bfb003ee5c9bfb396dd22f3", size = 69412, upload-time = "2025-05-15T12:30:07.975Z" }
wheels = [
    { url = "https://files.pythonhosted.org/packages/54/20/4d324d65cc6d9205fabedc306948156824eb9f0ee1633355a8f7ec5c66bf/pluggy-1.6.0-py3-none-any.whl", hash = "sha256:e920276dd6813095e9377c0bc5566d94c932c33b27a3e3945d8389c374dd4746", size = 20538, upload-time = "2025-05-15T12:30:06.134Z" },
]

[[package]]
name = "pyjnius-builder"
version = "0.1.0"
source = { git = "https://github.com/kivy-school/pyjnius-builder#0f49c9247f5ac2c28f4fc3ade87a60f14b64ddc9" }
dependencies = [
    { name = "hatchling" },
]

[[package]]
name = "setuptools"
version = "84.0.0"
source = { registry = "https://pypi.org/simple" }
sdist = { url = "https://files.pythonhosted.org/packages/6d/44/f5da03a8ef95d369145c5bb53050e7877c9f3d312e128605fd9504829143/setuptools-84.0.0.tar.gz", hash = "sha256:f4695c21257f0d9b537ec2692c941d02ee143b7cc1276941349a546573b2ef73", size = 1168449, upload-time = "2026-08-08T18:27:58.365Z" }
wheels = [
    { url = "https://files.pythonhosted.org/packages/95/9c/c510029fc6ef33a6275cd2c5d3cecd6613dfd6aa401d57c54f1c18852ccf/setuptools-84.0.0-py3-none-any.whl", hash = "sha256:51a52592b3b99e102b609654876bd65f19f999935166d1352678931132b0c670", size = 818216, upload-time = "2026-08-08T18:27:56.719Z" },
]

[[package]]
name = "tomlkit"
version = "0.15.1"
source = { registry = "https://pypi.org/simple" }
sdist = { url = "https://files.pythonhosted.org/packages/94/96/e07752635b98536177fa1f37671c8f3cdde2e724c6bcf6034b2cfb571565/tomlkit-0.15.1.tar.gz", hash = "sha256:e25bbf38843005246210a12982776f27f99cb9be67160e14434d0c0d21ee1e97", size = 180129, upload-time = "2026-07-17T01:48:04.562Z" }
wheels = [
    { url = "https://files.pythonhosted.org/packages/13/bc/8c13eb66537dce1d2bd3a57132902f38d0e7f5bb46fa9f4daed9fe9d76ee/tomlkit-0.15.1-py3-none-any.whl", hash = "sha256:177a05aece5a8ca5266fd3c448abb47b8d352f09d477d3ca8332db4d89b24304", size = 49449, upload-time = "2026-07-17T01:48:05.728Z" },
]

[[package]]
name = "trove-classifiers"
version = "2026.6.1.19"
source = { registry = "https://pypi.org/simple" }
sdist = { url = "https://files.pythonhosted.org/packages/c2/e3/7ca82ee24c82d344584abd5b8637b3bd056f2900226e8d82fc22f1184b92/trove_classifiers-2026.6.1.19.tar.gz", hash = "sha256:c5132b4b61a829d11cfbd2d72e97f20a45ed6edb95e45c5efdeb5e00836b2745", size = 17059, upload-time = "2026-06-01T19:41:34.649Z" }
wheels = [
    { url = "https://files.pythonhosted.org/packages/7c/a4/81502f486f01db95bc8320646a8a12511f5e556cb63d5e224d91816605c4/trove_classifiers-2026.6.1.19-py3-none-any.whl", hash = "sha256:ab4c4ec93cc4a4e7815fa759906e05e6bb3f2fbd92ea0f897288c6a43efd15b3", size = 14211, upload-time = "2026-06-01T19:41:33.434Z" },
]

[[package]]
name = "wasmtime"
version = "48.0.0"
source = { registry = "https://pypi.org/simple" }
sdist = { url = "https://files.pythonhosted.org/packages/42/1f/03a286dc84d83cc3274d5599543558442ba9332b676e6408ee9e1c171199/wasmtime-48.0.0.tar.gz", hash = "sha256:dba27d59209fac703e7d5753af78c2af2c1cd1ed735f520ec76dc31c60a05815", size = 128804, upload-time = "2026-08-20T19:31:57.29Z" }
wheels = [
    { url = "https://files.pythonhosted.org/packages/ad/e6/39da2f4047a281bce7d4651e21785942d630033931eb397cf734e7ccc048/wasmtime-48.0.0-py3-none-android_26_arm64_v8a.whl", hash = "sha256:a55abf132fe238b843a963c68cd1a30d8f686c1bc75d8fbf042d8b7a1d51ee36", size = 8800816, upload-time = "2026-08-20T19:31:28.761Z" },
    { url = "https://files.pythonhosted.org/packages/be/d0/f4f107166a65ddf8a6d8cf74f0cea33c06a08c74fe686f8e83b194e57e8b/wasmtime-48.0.0-py3-none-android_26_x86_64.whl", hash = "sha256:d8e94276ff6c0c5ce73ee16ccbacb00b3512a4b3a664749380705d81ee06a23c", size = 9731711, upload-time = "2026-08-20T19:31:31.905Z" },
    { url = "https://files.pythonhosted.org/packages/95/15/20fad0cb2b9cff130c225bf827e16365e02883f504297eccf172c6bb7228/wasmtime-48.0.0-py3-none-any.whl", hash = "sha256:49c9ee43e9cf59ad7453ac65dce0cc4b885837904dd3cfd45faafe930defe14a", size = 8157926, upload-time = "2026-08-20T19:31:34.74Z" },
    { url = "https://files.pythonhosted.org/packages/89/93/911434c6c4406e6979b6cb67ba889c85633ff8d92eb0cb569fec6e2a43f7/wasmtime-48.0.0-py3-none-macosx_10_13_x86_64.whl", hash = "sha256:50e1ea81a3bec537d00e076722dfdc48978a56ea24619d8153aa1f75b11796b9", size = 9395773, upload-time = "2026-08-20T19:31:37.312Z" },
    { url = "https://files.pythonhosted.org/packages/dc/a6/91c9c19ed7f8e164f4db6405d872c9397be9f53e4f325d0adcd5e67598f4/wasmtime-48.0.0-py3-none-macosx_11_0_arm64.whl", hash = "sha256:ea69889a3c51702e9da5f5f441027ca934f7758f8926a4ed167b0d6877f092e8", size = 8343024, upload-time = "2026-08-20T19:31:39.922Z" },
    { url = "https://files.pythonhosted.org/packages/a2/92/e144fcf578fc394678c24b042efe45f3b0614acdb87ea95d8b839b208842/wasmtime-48.0.0-py3-none-manylinux1_x86_64.whl", hash = "sha256:58544d539053dff7bd4cf30c40d7a540862d683013c0dfa6ba46a063f5b682f7", size = 9796354, upload-time = "2026-08-20T19:31:42.325Z" },
    { url = "https://files.pythonhosted.org/packages/1c/c3/a957b226979daaeb09ec024562e9aac05e475a954537e6f150eb60bca84d/wasmtime-48.0.0-py3-none-manylinux2014_aarch64.whl", hash = "sha256:26fce3613fefbe29a28e9d659dca3326e800593858e5758cad086eb802b3b766", size = 8734885, upload-time = "2026-08-20T19:31:44.966Z" },
    { url = "https://files.pythonhosted.org/packages/cf/bf/00e44d1971307620d6660760ed04796405a5fb1819c8b43ec03ad85efac6/wasmtime-48.0.0-py3-none-musllinux_1_2_aarch64.whl", hash = "sha256:77f6b75db20be065e205e7af814d4e4f06784c3a00eb346e8c76148ecb4afe5a", size = 8786289, upload-time = "2026-08-20T19:31:47.99Z" },
    { url = "https://files.pythonhosted.org/packages/8c/55/ce68af7734a5a9424dd66a301b11c810215ec7f70230b35bed10ed312e97/wasmtime-48.0.0-py3-none-musllinux_1_2_x86_64.whl", hash = "sha256:62b241c8d5dfb59ff8af1ccaa5351f0ab7aba8cc872f7d80e0e3c95d54c13562", size = 9889697, upload-time = "2026-08-20T19:31:50.854Z" },
    { url = "https://files.pythonhosted.org/packages/9d/12/5266bebece874ebfa3196c973b917091dd4c55e9e9da55401e312c403044/wasmtime-48.0.0-py3-none-win_amd64.whl", hash = "sha256:21fa500e70f3819a8c0539c3f0be6b3b81ec3c630bb90c47dba4d8a2c1d4c698", size = 8157931, upload-time = "2026-08-20T19:31:53.312Z" },
    { url = "https://files.pythonhosted.org/packages/d7/a4/bb6c90d99ad893bd42f33aa7fb386deecb55987f012c0c2f5fcaba83106d/wasmtime-48.0.0-py3-none-win_arm64.whl", hash = "sha256:09cd5e14df80a3a8d447428a548583181c568ea2e617419d23600deff21d4b82", size = 7044651, upload-time = "2026-08-20T19:31:55.63Z" },
]
